// !$*UTF8*$!
{
	archiveVersion = 1;
	classes = {
	};
	objectVersion = 50;
	objects = {

/* Begin PBXBuildFile section */
		D05247D723430CF000718DD3 /* AppDelegate.swift in Sources */ = {isa = PBXBuildFile; fileRef = D05247D623430CF000718DD3 /* AppDelegate.swift */; };
		D05247D923430CF000718DD3 /* ViewController.swift in Sources */ = {isa = PBXBuildFile; fileRef = D05247D823430CF000718DD3 /* ViewController.swift */; };
		D05247DC23430CF000718DD3 /* Main.storyboard in Resources */ = {isa = PBXBuildFile; fileRef = D05247DA23430CF000718DD3 /* Main.storyboard */; };
		D05247DE23430CF200718DD3 /* Assets.xcassets in Resources */ = {isa = PBXBuildFile; fileRef = D05247DD23430CF200718DD3 /* Assets.xcassets */; };
		D05247E123430CF200718DD3 /* LaunchScreen.storyboard in Resources */ = {isa = PBXBuildFile; fileRef = D05247DF23430CF200718DD3 /* LaunchScreen.storyboard */; };
		D05247EC23430CF200718DD3 /* project1Tests.swift in Sources */ = {isa = PBXBuildFile; fileRef = D05247EB23430CF200718DD3 /* project1Tests.swift */; };
		D05247F723430CF200718DD3 /* project1UITests.swift in Sources */ = {isa = PBXBuildFile; fileRef = D05247F623430CF200718DD3 /* project1UITests.swift */; };
/* End PBXBuildFile section */

/* Begin PBXContainerItemProxy section */
		D05247E823430CF200718DD3 /* PBXContainerItemProxy */ = {
			isa = PBXContainerItemProxy;
			containerPortal = D05247CB23430CF000718DD3 /* Project object */;
			proxyType = 1;
			remoteGlobalIDString = D05247D223430CF000718DD3;
			remoteInfo = project1;
		};
		D05247F323430CF200718DD3 /* PBXContainerItemProxy */ = {
			isa = PBXContainerItemProxy;
			containerPortal = D05247CB23430CF000718DD3 /* Project object */;
			proxyType = 1;
			remoteGlobalIDString = D05247D223430CF000718DD3;
			remoteInfo = project1;
		};
/* End PBXContainerItemProxy section */

/* Begin PBXFileReference section */
		D05247D323430CF000718DD3 /* project1.app */ = {isa = PBXFileReference; explicitFileType = wrapper.application; includeInIndex = 0; path = project1.app; sourceTree = BUILT_PRODUCTS_DIR; };
		D05247D623430CF000718DD3 /* AppDelegate.swift */ = {isa = PBXFileReference; lastKnownFileType = sourcecode.swift; path = AppDelegate.swift; sourceTree = "<group>"; };
		D05247D823430CF000718DD3 /* ViewController.swift */ = {isa = PBXFileReference; lastKnownFileType = sourcecode.swift; path = ViewController.swift; sourceTree = "<group>"; };
		D05247DB23430CF000718DD3 /* Base */ = {isa = PBXFileReference; lastKnownFileType = file.storyboard; name = Base; path = Base.lproj/Main.storyboard; sourceTree = "<group>"; };
		D05247DD23430CF200718DD3 /* Assets.xcassets */ = {isa = PBXFileReference; lastKnownFileType = folder.assetcatalog; path = Assets.xcassets; sourceTree = "<group>"; };
		D05247E023430CF200718DD3 /* Base */ = {isa = PBXFileReference; lastKnownFileType = file.storyboard; name = Base; path = Base.lproj/LaunchScreen.storyboard; sourceTree = "<group>"; };
		D05247E223430CF200718DD3 /* Info.plist */ = {isa = PBXFileReference; lastKnownFileType = text.plist.xml; path = Info.plist; sourceTree = "<group>"; };
		D05247E723430CF200718DD3 /* project1Tests.xctest */ = {isa = PBXFileReference; explicitFileType = wrapper.cfbundle; includeInIndex = 0; path = project1Tests.xctest; sourceTree = BUILT_PRODUCTS_DIR; };
		D05247EB23430CF200718DD3 /* project1Tests.swift */ = {isa = PBXFileReference; lastKnownFileType = sourcecode.swift; path = project1Tests.swift; sourceTree = "<group>"; };
		D05247ED23430CF200718DD3 /* Info.plist */ = {isa = PBXFileReference; lastKnownFileType = text.plist.xml; path = Info.plist; sourceTree = "<group>"; };
		D05247F223430CF200718DD3 /* project1UITests.xctest */ = {isa = PBXFileReference; explicitFileType = wrapper.cfbundle; includeInIndex = 0; path = project1UITests.xctest; sourceTree = BUILT_PRODUCTS_DIR; };
		D05247F623430CF200718DD3 /* project1UITests.swift */ = {isa = PBXFileReference; lastKnownFileType = sourcecode.swift; path = project1UITests.swift; sourceTree = "<group>"; };
		D05247F823430CF200718DD3 /* Info.plist */ = {isa = PBXFileReference; lastKnownFileType = text.plist.xml; path = Info.plist; sourceTree = "<group>"; };
/* End PBXFileReference section */

/* Begin PBXFrameworksBuildPhase section */
		D05247D023430CF000718DD3 /* Frameworks */ = {
			isa = PBXFrameworksBuildPhase;
			buildActionMask = 2147483647;
			files = (
			);
			runOnlyForDeploymentPostprocessing = 0;
		};
		D05247E423430CF200718DD3 /* Frameworks */ = {
			isa = PBXFrameworksBuildPhase;
			buildActionMask = 2147483647;
			files = (
			);
			runOnlyForDeploymentPostprocessing = 0;
		};
		D05247EF23430CF200718DD3 /* Frameworks */ = {
			isa = PBXFrameworksBuildPhase;
			buildActionMask = 2147483647;
			files = (
			);
			runOnlyForDeploymentPostprocessing = 0;
		};
/* End PBXFrameworksBuildPhase section */

/* Begin PBXGroup section */
		D05247CA23430CF000718DD3 = {
			isa = PBXGroup;
			children = (
				D05247D523430CF000718DD3 /* project1 */,
				D05247EA23430CF200718DD3 /* project1Tests */,
				D05247F523430CF200718DD3 /* project1UITests */,
				D05247D423430CF000718DD3 /* Products */,
			);
			sourceTree = "<group>";
		};
		D05247D423430CF000718DD3 /* Products */ = {
			isa = PBXGroup;
			children = (
				D05247D323430CF000718DD3 /* project1.app */,
				D05247E723430CF200718DD3 /* project1Tests.xctest */,
				D05247F223430CF200718DD3 /* project1UITests.xctest */,
			);
			name = Products;
			sourceTree = "<group>";
		};
		D05247D523430CF000718DD3 /* project1 */ = {
			isa = PBXGroup;
			children = (
				D05247D623430CF000718DD3 /* AppDelegate.swift */,
				D05247D823430CF000718DD3 /* ViewController.swift */,
				D05247DA23430CF000718DD3 /* Main.storyboard */,
				D05247DD23430CF200718DD3 /* Assets.xcassets */,
				D05247DF23430CF200718DD3 /* LaunchScreen.storyboard */,
				D05247E223430CF200718DD3 /* Info.plist */,
			);
			path = project1;
			sourceTree = "<group>";
		};
		D05247EA23430CF200718DD3 /* project1Tests */ = {
			isa = PBXGroup;
			children = (
				D05247EB23430CF200718DD3 /* project1Tests.swift */,
				D05247ED23430CF200718DD3 /* Info.plist */,
			);
			path = project1Tests;
			sourceTree = "<group>";
		};
		D05247F523430CF200718DD3 /* project1UITests */ = {
			isa = PBXGroup;
			children = (
				D05247F623430CF200718DD3 /* project1UITests.swift */,
				D05247F823430CF200718DD3 /* Info.plist */,
			);
			path = project1UITests;
			sourceTree = "<group>";
		};
/* End PBXGroup section */

/* Begin PBXNativeTarget section */
		D05247D223430CF000718DD3 /* project1 */ = {
			isa = PBXNativeTarget;
			buildConfigurationList = D05247FB23430CF200718DD3 /* Build configuration list for PBXNativeTarget "project1" */;
			buildPhases = (
				D05247CF23430CF000718DD3 /* Sources */,
				D05247D023430CF000718DD3 /* Frameworks */,
				D05247D123430CF000718DD3 /* Resources */,
			);
			buildRules = (
			);
			dependencies = (
			);
			name = project1;
			productName = project1;
			productReference = D05247D323430CF000718DD3 /* project1.app */;
			productType = "com.apple.product-type.application";
		};
		D05247E623430CF200718DD3 /* project1Tests */ = {
			isa = PBXNativeTarget;
			buildConfigurationList = D05247FE23430CF200718DD3 /* Build configuration list for PBXNativeTarget "project1Tests" */;
			buildPhases = (
				D05247E323430CF200718DD3 /* Sources */,
				D05247E423430CF200718DD3 /* Frameworks */,
				D05247E523430CF200718DD3 /* Resources */,
			);
			buildRules = (
			);
			dependencies = (
				D05247E923430CF200718DD3 /* PBXTargetDependency */,
			);
			name = project1Tests;
			productName = project1Tests;
			productReference = D05247E723430CF200718DD3 /* project1Tests.xctest */;
			productType = "com.apple.product-type.bundle.unit-test";
		};
		D05247F123430CF200718DD3 /* project1UITests */ = {
			isa = PBXNativeTarget;
			buildConfigurationList = D052480123430CF200718DD3 /* Build configuration list for PBXNativeTarget "project1UITests" */;
			buildPhases = (
				D05247EE23430CF200718DD3 /* Sources */,
				D05247EF23430CF200718DD3 /* Frameworks */,
				D05247F023430CF200718DD3 /* Resources */,
			);
			buildRules = (
			);
			dependencies = (
				D05247F423430CF200718DD3 /* PBXTargetDependency */,
			);
			name = project1UITests;
			productName = project1UITests;
			productReference = D05247F223430CF200718DD3 /* project1UITests.xctest */;
			productType = "com.apple.product-type.bundle.ui-testing";
		};
/* End PBXNativeTarget section */

/* Begin PBXProject section */
		D05247CB23430CF000718DD3 /* Project object */ = {
			isa = PBXProject;
			attributes = {
				LastSwiftUpdateCheck = 1030;
				LastUpgradeCheck = 1030;
				ORGANIZATIONNAME = "Peter Rosental";
				TargetAttributes = {
					D05247D223430CF000718DD3 = {
						CreatedOnToolsVersion = 10.3;
					};
					D05247E623430CF200718DD3 = {
						CreatedOnToolsVersion = 10.3;
						TestTargetID = D05247D223430CF000718DD3;
					};
					D05247F123430CF200718DD3 = {
						CreatedOnToolsVersion = 10.3;
						TestTargetID = D05247D223430CF000718DD3;
					};
				};
			};
			buildConfigurationList = D05247CE23430CF000718DD3 /* Build configuration list for PBXProject "project1" */;
			compatibilityVersion = "Xcode 9.3";
			developmentRegion = en;
			hasScannedForEncodings = 0;
			knownRegions = (
				en,
				Base,
			);
			mainGroup = D05247CA23430CF000718DD3;
			productRefGroup = D05247D423430CF000718DD3 /* Products */;
			projectDirPath = "";
			projectRoot = "";
			targets = (
				D05247D223430CF000718DD3 /* project1 */,
				D05247E623430CF200718DD3 /* project1Tests */,
				D05247F123430CF200718DD3 /* project1UITests */,
			);
		};
/* End PBXProject section */

/* Begin PBXResourcesBuildPhase section */
		D05247D123430CF000718DD3 /* Resources */ = {
			isa = PBXResourcesBuildPhase;
			buildActionMask = 2147483647;
			files = (
				D05247E123430CF200718DD3 /* LaunchScreen.storyboard in Resources */,
				D05247DE23430CF200718DD3 /* Assets.xcassets in Resources */,
				D05247DC23430CF000718DD3 /* Main.storyboard in Resources */,
			);
			runOnlyForDeploymentPostprocessing = 0;
		};
		D05247E523430CF200718DD3 /* Resources */ = {
			isa = PBXResourcesBuildPhase;
			buildActionMask = 2147483647;
			files = (
			);
			runOnlyForDeploymentPostprocessing = 0;
		};
		D05247F023430CF200718DD3 /* Resources */ = {
			isa = PBXResourcesBuildPhase;
			buildActionMask = 2147483647;
			files = (
			);
			runOnlyForDeploymentPostprocessing = 0;
		};
/* End PBXResourcesBuildPhase section */

/* Begin PBXSourcesBuildPhase section */
		D05247CF23430CF000718DD3 /* Sources */ = {
			isa = PBXSourcesBuildPhase;
			buildActionMask = 2147483647;
			files = (
				D05247D923430CF000718DD3 /* ViewController.swift in Sources */,
				D05247D723430CF000718DD3 /* AppDelegate.swift in Sources */,
			);
			runOnlyForDeploymentPostprocessing = 0;
		};
		D05247E323430CF200718DD3 /* Sources */ = {
			isa = PBXSourcesBuildPhase;
			buildActionMask = 2147483647;
			files = (
				D05247EC23430CF200718DD3 /* project1Tests.swift in Sources */,
			);
			runOnlyForDeploymentPostprocessing = 0;
		};
		D05247EE23430CF200718DD3 /* Sources */ = {
			isa = PBXSourcesBuildPhase;
			buildActionMask = 2147483647;
			files = (
				D05247F723430CF200718DD3 /* project1UITests.swift in Sources */,
			);
			runOnlyForDeploymentPostprocessing = 0;
		};
/* End PBXSourcesBuildPhase section */

/* Begin PBXTargetDependency section */
		D05247E923430CF200718DD3 /* PBXTargetDependency */ = {
			isa = PBXTargetDependency;
			target = D05247D223430CF000718DD3 /* project1 */;
			targetProxy = D05247E823430CF200718DD3 /* PBXContainerItemProxy */;
		};
		D05247F423430CF200718DD3 /* PBXTargetDependency */ = {
			isa = PBXTargetDependency;
			target = D05247D223430CF000718DD3 /* project1 */;
			targetProxy = D05247F323430CF200718DD3 /* PBXContainerItemProxy */;
		};
/* End PBXTargetDependency section */

/* Begin PBXVariantGroup section */
		D05247DA23430CF000718DD3 /* Main.storyboard */ = {
			isa = PBXVariantGroup;
			children = (
				D05247DB23430CF000718DD3 /* Base */,
			);
			name = Main.storyboard;
			sourceTree = "<group>";
		};
		D05247DF23430CF200718DD3 /* LaunchScreen.storyboard */ = {
			isa = PBXVariantGroup;
			children = (
				D05247E023430CF200718DD3 /* Base */,
			);
			name = LaunchScreen.storyboard;
			sourceTree = "<group>";
		};
/* End PBXVariantGroup section */

/* Begin XCBuildConfiguration section */
		D05247F923430CF200718DD3 /* Debug */ = {
			isa = XCBuildConfiguration;
			buildSettings = {
				ALWAYS_SEARCH_USER_PATHS = NO;
				CLANG_ANALYZER_NONNULL = YES;
				CLANG_ANALYZER_NUMBER_OBJECT_CONVERSION = YES_AGGRESSIVE;
				CLANG_CXX_LANGUAGE_STANDARD = "gnu++14";
				CLANG_CXX_LIBRARY = "libc++";
				CLANG_ENABLE_MODULES = YES;
				CLANG_ENABLE_OBJC_ARC = YES;
				CLANG_ENABLE_OBJC_WEAK = YES;
				CLANG_WARN_BLOCK_CAPTURE_AUTORELEASING = YES;
				CLANG_WARN_BOOL_CONVERSION = YES;
				CLANG_WARN_COMMA = YES;
				CLANG_WARN_CONSTANT_CONVERSION = YES;
				CLANG_WARN_DEPRECATED_OBJC_IMPLEMENTATIONS = YES;
				CLANG_WARN_DIRECT_OBJC_ISA_USAGE = YES_ERROR;
				CLANG_WARN_DOCUMENTATION_COMMENTS = YES;
				CLANG_WARN_EMPTY_BODY = YES;
				CLANG_WARN_ENUM_CONVERSION = YES;
				CLANG_WARN_INFINITE_RECURSION = YES;
				CLANG_WARN_INT_CONVERSION = YES;
				CLANG_WARN_NON_LITERAL_NULL_CONVERSION = YES;
				CLANG_WARN_OBJC_IMPLICIT_RETAIN_SELF = YES;
				CLANG_WARN_OBJC_LITERAL_CONVERSION = YES;
				CLANG_WARN_OBJC_ROOT_CLASS = YES_ERROR;
				CLANG_WARN_RANGE_LOOP_ANALYSIS = YES;
				CLANG_WARN_STRICT_PROTOTYPES = YES;
				CLANG_WARN_SUSPICIOUS_MOVE = YES;
				CLANG_WARN_UNGUARDED_AVAILABILITY = YES_AGGRESSIVE;
				CLANG_WARN_UNREACHABLE_CODE = YES;
				CLANG_WARN__DUPLICATE_METHOD_MATCH = YES;
				CODE_SIGN_IDENTITY = "iPhone Developer";
				COPY_PHASE_STRIP = NO;
				DEBUG_INFORMATION_FORMAT = dwarf;
				ENABLE_STRICT_OBJC_MSGSEND = YES;
				ENABLE_TESTABILITY = YES;
				GCC_C_LANGUAGE_STANDARD = gnu11;
				GCC_DYNAMIC_NO_PIC = NO;
				GCC_NO_COMMON_BLOCKS = YES;
				GCC_OPTIMIZATION_LEVEL = 0;
				GCC_PREPROCESSOR_DEFINITIONS = (
					"DEBUG=1",
					"$(inherited)",
				);
				GCC_WARN_64_TO_32_BIT_CONVERSION = YES;
				GCC_WARN_ABOUT_RETURN_TYPE = YES_ERROR;
				GCC_WARN_UNDECLARED_SELECTOR = YES;
				GCC_WARN_UNINITIALIZED_AUTOS = YES_AGGRESSIVE;
				GCC_WARN_UNUSED_FUNCTION = YES;
				GCC_WARN_UNUSED_VARIABLE = YES;
				IPHONEOS_DEPLOYMENT_TARGET = 12.4;
				MTL_ENABLE_DEBUG_INFO = INCLUDE_SOURCE;
				MTL_FAST_MATH = YES;
				ONLY_ACTIVE_ARCH = YES;
				SDKROOT = iphoneos;
				SWIFT_ACTIVE_COMPILATION_CONDITIONS = DEBUG;
				SWIFT_OPTIMIZATION_LEVEL = "-Onone";
			};
			name = Debug;
		};
		D05247FA23430CF200718DD3 /* Release */ = {
			isa = XCBuildConfiguration;
			buildSettings = {
				ALWAYS_SEARCH_USER_PATHS = NO;
				CLANG_ANALYZER_NONNULL = YES;
				CLANG_ANALYZER_NUMBER_OBJECT_CONVERSION = YES_AGGRESSIVE;
				CLANG_CXX_LANGUAGE_STANDARD = "gnu++14";
				CLANG_CXX_LIBRARY = "libc++";
				CLANG_ENABLE_MODULES = YES;
				CLANG_ENABLE_OBJC_ARC = YES;
				CLANG_ENABLE_OBJC_WEAK = YES;
				CLANG_WARN_BLOCK_CAPTURE_AUTORELEASING = YES;
				CLANG_WARN_BOOL_CONVERSION = YES;
				CLANG_WARN_COMMA = YES;
				CLANG_WARN_CONSTANT_CONVERSION = YES;
				CLANG_WARN_DEPRECATED_OBJC_IMPLEMENTATIONS = YES;
				CLANG_WARN_DIRECT_OBJC_ISA_USAGE = YES_ERROR;
				CLANG_WARN_DOCUMENTATION_COMMENTS = YES;
				CLANG_WARN_EMPTY_BODY = YES;
				CLANG_WARN_ENUM_CONVERSION = YES;
				CLANG_WARN_INFINITE_RECURSION = YES;
				CLANG_WARN_INT_CONVERSION = YES;
				CLANG_WARN_NON_LITERAL_NULL_CONVERSION = YES;
				CLANG_WARN_OBJC_IMPLICIT_RETAIN_SELF = YES;
				CLANG_WARN_OBJC_LITERAL_CONVERSION = YES;
				CLANG_WARN_OBJC_ROOT_CLASS = YES_ERROR;
				CLANG_WARN_RANGE_LOOP_ANALYSIS = YES;
				CLANG_WARN_STRICT_PROTOTYPES = YES;
				CLANG_WARN_SUSPICIOUS_MOVE = YES;
				CLANG_WARN_UNGUARDED_AVAILABILITY = YES_AGGRESSIVE;
				CLANG_WARN_UNREACHABLE_CODE = YES;
				CLANG_WARN__DUPLICATE_METHOD_MATCH = YES;
				CODE_SIGN_IDENTITY = "iPhone Developer";
				COPY_PHASE_STRIP = NO;
				DEBUG_INFORMATION_FORMAT = "dwarf-with-dsym";
				ENABLE_NS_ASSERTIONS = NO;
				ENABLE_STRICT_OBJC_MSGSEND = YES;
				GCC_C_LANGUAGE_STANDARD = gnu11;
				GCC_NO_COMMON_BLOCKS = YES;
				GCC_WARN_64_TO_32_BIT_CONVERSION = YES;
				GCC_WARN_ABOUT_RETURN_TYPE = YES_ERROR;
				GCC_WARN_UNDECLARED_SELECTOR = YES;
				GCC_WARN_UNINITIALIZED_AUTOS = YES_AGGRESSIVE;
				GCC_WARN_UNUSED_FUNCTION = YES;
				GCC_WARN_UNUSED_VARIABLE = YES;
				IPHONEOS_DEPLOYMENT_TARGET = 12.4;
				MTL_ENABLE_DEBUG_INFO = NO;
				MTL_FAST_MATH = YES;
				SDKROOT = iphoneos;
				SWIFT_COMPILATION_MODE = wholemodule;
				SWIFT_OPTIMIZATION_LEVEL = "-O";
				VALIDATE_PRODUCT = YES;
			};
			name = Release;
		};
		D05247FC23430CF200718DD3 /* Debug */ = {
			isa = XCBuildConfiguration;
			buildSettings = {
				ASSETCATALOG_COMPILER_APPICON_NAME = AppIcon;
				CODE_SIGN_STYLE = Automatic;
				INFOPLIST_FILE = project1/Info.plist;
				LD_RUNPATH_SEARCH_PATHS = (
					"$(inherited)",
					"@executable_path/Frameworks",
				);
				PRODUCT_BUNDLE_IDENTIFIER = ATLAS.project1;
				PRODUCT_NAME = "$(TARGET_NAME)";
				SWIFT_VERSION = 5.0;
				TARGETED_DEVICE_FAMILY = "1,2";
			};
			name = Debug;
		};
		D05247FD23430CF200718DD3 /* Release */ = {
			isa = XCBuildConfiguration;
			buildSettings = {
				ASSETCATALOG_COMPILER_APPICON_NAME = AppIcon;
				CODE_SIGN_STYLE = Automatic;
				INFOPLIST_FILE = project1/Info.plist;
				LD_RUNPATH_SEARCH_PATHS = (
					"$(inherited)",
					"@executable_path/Frameworks",
				);
				PRODUCT_BUNDLE_IDENTIFIER = ATLAS.project1;
				PRODUCT_NAME = "$(TARGET_NAME)";
				SWIFT_VERSION = 5.0;
				TARGETED_DEVICE_FAMILY = "1,2";
			};
			name = Release;
		};
		D05247FF23430CF200718DD3 /* Debug */ = {
			isa = XCBuildConfiguration;
			buildSettings = {
				ALWAYS_EMBED_SWIFT_STANDARD_LIBRARIES = YES;
				BUNDLE_LOADER = "$(TEST_HOST)";
				CODE_SIGN_STYLE = Automatic;
				INFOPLIST_FILE = project1Tests/Info.plist;
				LD_RUNPATH_SEARCH_PATHS = (
					"$(inherited)",
					"@executable_path/Frameworks",
					"@loader_path/Frameworks",
				);
				PRODUCT_BUNDLE_IDENTIFIER = ATLAS.project1Tests;
				PRODUCT_NAME = "$(TARGET_NAME)";
				SWIFT_VERSION = 5.0;
				TARGETED_DEVICE_FAMILY = "1,2";
				TEST_HOST = "$(BUILT_PRODUCTS_DIR)/project1.app/project1";
			};
			name = Debug;
		};
		D052480023430CF200718DD3 /* Release */ = {
			isa = XCBuildConfiguration;
			buildSettings = {
				ALWAYS_EMBED_SWIFT_STANDARD_LIBRARIES = YES;
				BUNDLE_LOADER = "$(TEST_HOST)";
				CODE_SIGN_STYLE = Automatic;
				INFOPLIST_FILE = project1Tests/Info.plist;
				LD_RUNPATH_SEARCH_PATHS = (
					"$(inherited)",
					"@executable_path/Frameworks",
					"@loader_path/Frameworks",
				);
				PRODUCT_BUNDLE_IDENTIFIER = ATLAS.project1Tests;
				PRODUCT_NAME = "$(TARGET_NAME)";
				SWIFT_VERSION = 5.0;
				TARGETED_DEVICE_FAMILY = "1,2";
				TEST_HOST = "$(BUILT_PRODUCTS_DIR)/project1.app/project1";
			};
			name = Release;
		};
		D052480223430CF200718DD3 /* Debug */ = {
			isa = XCBuildConfiguration;
			buildSettings = {
				ALWAYS_EMBED_SWIFT_STANDARD_LIBRARIES = YES;
				CODE_SIGN_STYLE = Automatic;
				INFOPLIST_FILE = project1UITests/Info.plist;
				LD_RUNPATH_SEARCH_PATHS = (
					"$(inherited)",
					"@executable_path/Frameworks",
					"@loader_path/Frameworks",
				);
				PRODUCT_BUNDLE_IDENTIFIER = ATLAS.project1UITests;
				PRODUCT_NAME = "$(TARGET_NAME)";
				SWIFT_VERSION = 5.0;
				TARGETED_DEVICE_FAMILY = "1,2";
				TEST_TARGET_NAME = project1;
			};
			name = Debug;
		};
		D052480323430CF200718DD3 /* Release */ = {
			isa = XCBuildConfiguration;
			buildSettings = {
				ALWAYS_EMBED_SWIFT_STANDARD_LIBRARIES = YES;
				CODE_SIGN_STYLE = Automatic;
				INFOPLIST_FILE = project1UITests/Info.plist;
				LD_RUNPATH_SEARCH_PATHS = (
					"$(inherited)",
					"@executable_path/Frameworks",
					"@loader_path/Frameworks",
				);
				PRODUCT_BUNDLE_IDENTIFIER = ATLAS.project1UITests;
				PRODUCT_NAME = "$(TARGET_NAME)";
				SWIFT_VERSION = 5.0;
				TARGETED_DEVICE_FAMILY = "1,2";
				TEST_TARGET_NAME = project1;
			};
			name = Release;
		};
/* End XCBuildConfiguration section */

/* Begin XCConfigurationList section */
		D05247CE23430CF000718DD3 /* Build configuration list for PBXProject "project1" */ = {
			isa = XCConfigurationList;
			buildConfigurations = (
				D05247F923430CF200718DD3 /* Debug */,
				D05247FA23430CF200718DD3 /* Release */,
			);
			defaultConfigurationIsVisible = 0;
			defaultConfigurationName = Release;
		};
		D05247FB23430CF200718DD3 /* Build configuration list for PBXNativeTarget "project1" */ = {
			isa = XCConfigurationList;
			buildConfigurations = (
				D05247FC23430CF200718DD3 /* Debug */,
				D05247FD23430CF200718DD3 /* Release */,
			);
			defaultConfigurationIsVisible = 0;
			defaultConfigurationName = Release;
		};
		D05247FE23430CF200718DD3 /* Build configuration list for PBXNativeTarget "project1Tests" */ = {
			isa = XCConfigurationList;
			buildConfigurations = (
				D05247FF23430CF200718DD3 /* Debug */,
				D052480023430CF200718DD3 /* Release */,
			);
			defaultConfigurationIsVisible = 0;
			defaultConfigurationName = Release;
		};
		D052480123430CF200718DD3 /* Build configuration list for PBXNativeTarget "project1UITests" */ = {
			isa = XCConfigurationList;
			buildConfigurations = (
				D052480223430CF200718DD3 /* Debug */,
				D052480323430CF200718DD3 /* Release */,
			);
			defaultConfigurationIsVisible = 0;
			defaultConfigurationName = Release;
		};
/* End XCConfigurationList section */
	};
	rootObject = D05247CB23430CF000718DD3 /* Project object */;
}
