// !$*UTF8*$!
{
	archiveVersion = 1;
	classes = {
	};
	objectVersion = 50;
	objects = {

/* Begin PBXBuildFile section */
		D0270F182329FFFE00A826F5 /* AppDelegate.swift in Sources */ = {isa = PBXBuildFile; fileRef = D0270F172329FFFE00A826F5 /* AppDelegate.swift */; };
		D0270F1A2329FFFE00A826F5 /* ViewController.swift in Sources */ = {isa = PBXBuildFile; fileRef = D0270F192329FFFE00A826F5 /* ViewController.swift */; };
		D0270F1D2329FFFE00A826F5 /* Main.storyboard in Resources */ = {isa = PBXBuildFile; fileRef = D0270F1B2329FFFE00A826F5 /* Main.storyboard */; };
		D0270F1F232A000000A826F5 /* Assets.xcassets in Resources */ = {isa = PBXBuildFile; fileRef = D0270F1E232A000000A826F5 /* Assets.xcassets */; };
		D0270F22232A000000A826F5 /* LaunchScreen.storyboard in Resources */ = {isa = PBXBuildFile; fileRef = D0270F20232A000000A826F5 /* LaunchScreen.storyboard */; };
		D0270F2D232A000000A826F5 /* lab1_peter_rTests.swift in Sources */ = {isa = PBXBuildFile; fileRef = D0270F2C232A000000A826F5 /* lab1_peter_rTests.swift */; };
		D0270F38232A000000A826F5 /* lab1_peter_rUITests.swift in Sources */ = {isa = PBXBuildFile; fileRef = D0270F37232A000000A826F5 /* lab1_peter_rUITests.swift */; };
/* End PBXBuildFile section */

/* Begin PBXContainerItemProxy section */
		D0270F29232A000000A826F5 /* PBXContainerItemProxy */ = {
			isa = PBXContainerItemProxy;
			containerPortal = D0270F0C2329FFFE00A826F5 /* Project object */;
			proxyType = 1;
			remoteGlobalIDString = D0270F132329FFFE00A826F5;
			remoteInfo = "lab1-peter-r";
		};
		D0270F34232A000000A826F5 /* PBXContainerItemProxy */ = {
			isa = PBXContainerItemProxy;
			containerPortal = D0270F0C2329FFFE00A826F5 /* Project object */;
			proxyType = 1;
			remoteGlobalIDString = D0270F132329FFFE00A826F5;
			remoteInfo = "lab1-peter-r";
		};
/* End PBXContainerItemProxy section */

/* Begin PBXFileReference section */
		D0270F142329FFFE00A826F5 /* lab1-peter-r.app */ = {isa = PBXFileReference; explicitFileType = wrapper.application; includeInIndex = 0; path = "lab1-peter-r.app"; sourceTree = BUILT_PRODUCTS_DIR; };
		D0270F172329FFFE00A826F5 /* AppDelegate.swift */ = {isa = PBXFileReference; lastKnownFileType = sourcecode.swift; path = AppDelegate.swift; sourceTree = "<group>"; };
		D0270F192329FFFE00A826F5 /* ViewController.swift */ = {isa = PBXFileReference; lastKnownFileType = sourcecode.swift; path = ViewController.swift; sourceTree = "<group>"; };
		D0270F1C2329FFFE00A826F5 /* Base */ = {isa = PBXFileReference; lastKnownFileType = file.storyboard; name = Base; path = Base.lproj/Main.storyboard; sourceTree = "<group>"; };
		D0270F1E232A000000A826F5 /* Assets.xcassets */ = {isa = PBXFileReference; lastKnownFileType = folder.assetcatalog; path = Assets.xcassets; sourceTree = "<group>"; };
		D0270F21232A000000A826F5 /* Base */ = {isa = PBXFileReference; lastKnownFileType = file.storyboard; name = Base; path = Base.lproj/LaunchScreen.storyboard; sourceTree = "<group>"; };
		D0270F23232A000000A826F5 /* Info.plist */ = {isa = PBXFileReference; lastKnownFileType = text.plist.xml; path = Info.plist; sourceTree = "<group>"; };
		D0270F28232A000000A826F5 /* lab1-peter-rTests.xctest */ = {isa = PBXFileReference; explicitFileType = wrapper.cfbundle; includeInIndex = 0; path = "lab1-peter-rTests.xctest"; sourceTree = BUILT_PRODUCTS_DIR; };
		D0270F2C232A000000A826F5 /* lab1_peter_rTests.swift */ = {isa = PBXFileReference; lastKnownFileType = sourcecode.swift; path = lab1_peter_rTests.swift; sourceTree = "<group>"; };
		D0270F2E232A000000A826F5 /* Info.plist */ = {isa = PBXFileReference; lastKnownFileType = text.plist.xml; path = Info.plist; sourceTree = "<group>"; };
		D0270F33232A000000A826F5 /* lab1-peter-rUITests.xctest */ = {isa = PBXFileReference; explicitFileType = wrapper.cfbundle; includeInIndex = 0; path = "lab1-peter-rUITests.xctest"; sourceTree = BUILT_PRODUCTS_DIR; };
		D0270F37232A000000A826F5 /* lab1_peter_rUITests.swift */ = {isa = PBXFileReference; lastKnownFileType = sourcecode.swift; path = lab1_peter_rUITests.swift; sourceTree = "<group>"; };
		D0270F39232A000000A826F5 /* Info.plist */ = {isa = PBXFileReference; lastKnownFileType = text.plist.xml; path = Info.plist; sourceTree = "<group>"; };
/* End PBXFileReference section */

/* Begin PBXFrameworksBuildPhase section */
		D0270F112329FFFE00A826F5 /* Frameworks */ = {
			isa = PBXFrameworksBuildPhase;
			buildActionMask = 2147483647;
			files = (
			);
			runOnlyForDeploymentPostprocessing = 0;
		};
		D0270F25232A000000A826F5 /* Frameworks */ = {
			isa = PBXFrameworksBuildPhase;
			buildActionMask = 2147483647;
			files = (
			);
			runOnlyForDeploymentPostprocessing = 0;
		};
		D0270F30232A000000A826F5 /* Frameworks */ = {
			isa = PBXFrameworksBuildPhase;
			buildActionMask = 2147483647;
			files = (
			);
			runOnlyForDeploymentPostprocessing = 0;
		};
/* End PBXFrameworksBuildPhase section */

/* Begin PBXGroup section */
		D0270F0B2329FFFE00A826F5 = {
			isa = PBXGroup;
			children = (
				D0270F162329FFFE00A826F5 /* lab1-peter-r */,
				D0270F2B232A000000A826F5 /* lab1-peter-rTests */,
				D0270F36232A000000A826F5 /* lab1-peter-rUITests */,
				D0270F152329FFFE00A826F5 /* Products */,
			);
			sourceTree = "<group>";
		};
		D0270F152329FFFE00A826F5 /* Products */ = {
			isa = PBXGroup;
			children = (
				D0270F142329FFFE00A826F5 /* lab1-peter-r.app */,
				D0270F28232A000000A826F5 /* lab1-peter-rTests.xctest */,
				D0270F33232A000000A826F5 /* lab1-peter-rUITests.xctest */,
			);
			name = Products;
			sourceTree = "<group>";
		};
		D0270F162329FFFE00A826F5 /* lab1-peter-r */ = {
			isa = PBXGroup;
			children = (
				D0270F172329FFFE00A826F5 /* AppDelegate.swift */,
				D0270F192329FFFE00A826F5 /* ViewController.swift */,
				D0270F1B2329FFFE00A826F5 /* Main.storyboard */,
				D0270F1E232A000000A826F5 /* Assets.xcassets */,
				D0270F20232A000000A826F5 /* LaunchScreen.storyboard */,
				D0270F23232A000000A826F5 /* Info.plist */,
			);
			path = "lab1-peter-r";
			sourceTree = "<group>";
		};
		D0270F2B232A000000A826F5 /* lab1-peter-rTests */ = {
			isa = PBXGroup;
			children = (
				D0270F2C232A000000A826F5 /* lab1_peter_rTests.swift */,
				D0270F2E232A000000A826F5 /* Info.plist */,
			);
			path = "lab1-peter-rTests";
			sourceTree = "<group>";
		};
		D0270F36232A000000A826F5 /* lab1-peter-rUITests */ = {
			isa = PBXGroup;
			children = (
				D0270F37232A000000A826F5 /* lab1_peter_rUITests.swift */,
				D0270F39232A000000A826F5 /* Info.plist */,
			);
			path = "lab1-peter-rUITests";
			sourceTree = "<group>";
		};
/* End PBXGroup section */

/* Begin PBXNativeTarget section */
		D0270F132329FFFE00A826F5 /* lab1-peter-r */ = {
			isa = PBXNativeTarget;
			buildConfigurationList = D0270F3C232A000000A826F5 /* Build configuration list for PBXNativeTarget "lab1-peter-r" */;
			buildPhases = (
				D0270F102329FFFE00A826F5 /* Sources */,
				D0270F112329FFFE00A826F5 /* Frameworks */,
				D0270F122329FFFE00A826F5 /* Resources */,
			);
			buildRules = (
			);
			dependencies = (
			);
			name = "lab1-peter-r";
			productName = "lab1-peter-r";
			productReference = D0270F142329FFFE00A826F5 /* lab1-peter-r.app */;
			productType = "com.apple.product-type.application";
		};
		D0270F27232A000000A826F5 /* lab1-peter-rTests */ = {
			isa = PBXNativeTarget;
			buildConfigurationList = D0270F3F232A000000A826F5 /* Build configuration list for PBXNativeTarget "lab1-peter-rTests" */;
			buildPhases = (
				D0270F24232A000000A826F5 /* Sources */,
				D0270F25232A000000A826F5 /* Frameworks */,
				D0270F26232A000000A826F5 /* Resources */,
			);
			buildRules = (
			);
			dependencies = (
				D0270F2A232A000000A826F5 /* PBXTargetDependency */,
			);
			name = "lab1-peter-rTests";
			productName = "lab1-peter-rTests";
			productReference = D0270F28232A000000A826F5 /* lab1-peter-rTests.xctest */;
			productType = "com.apple.product-type.bundle.unit-test";
		};
		D0270F32232A000000A826F5 /* lab1-peter-rUITests */ = {
			isa = PBXNativeTarget;
			buildConfigurationList = D0270F42232A000000A826F5 /* Build configuration list for PBXNativeTarget "lab1-peter-rUITests" */;
			buildPhases = (
				D0270F2F232A000000A826F5 /* Sources */,
				D0270F30232A000000A826F5 /* Frameworks */,
				D0270F31232A000000A826F5 /* Resources */,
			);
			buildRules = (
			);
			dependencies = (
				D0270F35232A000000A826F5 /* PBXTargetDependency */,
			);
			name = "lab1-peter-rUITests";
			productName = "lab1-peter-rUITests";
			productReference = D0270F33232A000000A826F5 /* lab1-peter-rUITests.xctest */;
			productType = "com.apple.product-type.bundle.ui-testing";
		};
/* End PBXNativeTarget section */

/* Begin PBXProject section */
		D0270F0C2329FFFE00A826F5 /* Project object */ = {
			isa = PBXProject;
			attributes = {
				LastSwiftUpdateCheck = 1030;
				LastUpgradeCheck = 1030;
				ORGANIZATIONNAME = "Peter Rosental";
				TargetAttributes = {
					D0270F132329FFFE00A826F5 = {
						CreatedOnToolsVersion = 10.3;
					};
					D0270F27232A000000A826F5 = {
						CreatedOnToolsVersion = 10.3;
						TestTargetID = D0270F132329FFFE00A826F5;
					};
					D0270F32232A000000A826F5 = {
						CreatedOnToolsVersion = 10.3;
						TestTargetID = D0270F132329FFFE00A826F5;
					};
				};
			};
			buildConfigurationList = D0270F0F2329FFFE00A826F5 /* Build configuration list for PBXProject "lab1-peter-r" */;
			compatibilityVersion = "Xcode 9.3";
			developmentRegion = en;
			hasScannedForEncodings = 0;
			knownRegions = (
				en,
				Base,
			);
			mainGroup = D0270F0B2329FFFE00A826F5;
			productRefGroup = D0270F152329FFFE00A826F5 /* Products */;
			projectDirPath = "";
			projectRoot = "";
			targets = (
				D0270F132329FFFE00A826F5 /* lab1-peter-r */,
				D0270F27232A000000A826F5 /* lab1-peter-rTests */,
				D0270F32232A000000A826F5 /* lab1-peter-rUITests */,
			);
		};
/* End PBXProject section */

/* Begin PBXResourcesBuildPhase section */
		D0270F122329FFFE00A826F5 /* Resources */ = {
			isa = PBXResourcesBuildPhase;
			buildActionMask = 2147483647;
			files = (
				D0270F22232A000000A826F5 /* LaunchScreen.storyboard in Resources */,
				D0270F1F232A000000A826F5 /* Assets.xcassets in Resources */,
				D0270F1D2329FFFE00A826F5 /* Main.storyboard in Resources */,
			);
			runOnlyForDeploymentPostprocessing = 0;
		};
		D0270F26232A000000A826F5 /* Resources */ = {
			isa = PBXResourcesBuildPhase;
			buildActionMask = 2147483647;
			files = (
			);
			runOnlyForDeploymentPostprocessing = 0;
		};
		D0270F31232A000000A826F5 /* Resources */ = {
			isa = PBXResourcesBuildPhase;
			buildActionMask = 2147483647;
			files = (
			);
			runOnlyForDeploymentPostprocessing = 0;
		};
/* End PBXResourcesBuildPhase section */

/* Begin PBXSourcesBuildPhase section */
		D0270F102329FFFE00A826F5 /* Sources */ = {
			isa = PBXSourcesBuildPhase;
			buildActionMask = 2147483647;
			files = (
				D0270F1A2329FFFE00A826F5 /* ViewController.swift in Sources */,
				D0270F182329FFFE00A826F5 /* AppDelegate.swift in Sources */,
			);
			runOnlyForDeploymentPostprocessing = 0;
		};
		D0270F24232A000000A826F5 /* Sources */ = {
			isa = PBXSourcesBuildPhase;
			buildActionMask = 2147483647;
			files = (
				D0270F2D232A000000A826F5 /* lab1_peter_rTests.swift in Sources */,
			);
			runOnlyForDeploymentPostprocessing = 0;
		};
		D0270F2F232A000000A826F5 /* Sources */ = {
			isa = PBXSourcesBuildPhase;
			buildActionMask = 2147483647;
			files = (
				D0270F38232A000000A826F5 /* lab1_peter_rUITests.swift in Sources */,
			);
			runOnlyForDeploymentPostprocessing = 0;
		};
/* End PBXSourcesBuildPhase section */

/* Begin PBXTargetDependency section */
		D0270F2A232A000000A826F5 /* PBXTargetDependency */ = {
			isa = PBXTargetDependency;
			target = D0270F132329FFFE00A826F5 /* lab1-peter-r */;
			targetProxy = D0270F29232A000000A826F5 /* PBXContainerItemProxy */;
		};
		D0270F35232A000000A826F5 /* PBXTargetDependency */ = {
			isa = PBXTargetDependency;
			target = D0270F132329FFFE00A826F5 /* lab1-peter-r */;
			targetProxy = D0270F34232A000000A826F5 /* PBXContainerItemProxy */;
		};
/* End PBXTargetDependency section */

/* Begin PBXVariantGroup section */
		D0270F1B2329FFFE00A826F5 /* Main.storyboard */ = {
			isa = PBXVariantGroup;
			children = (
				D0270F1C2329FFFE00A826F5 /* Base */,
			);
			name = Main.storyboard;
			sourceTree = "<group>";
		};
		D0270F20232A000000A826F5 /* LaunchScreen.storyboard */ = {
			isa = PBXVariantGroup;
			children = (
				D0270F21232A000000A826F5 /* Base */,
			);
			name = LaunchScreen.storyboard;
			sourceTree = "<group>";
		};
/* End PBXVariantGroup section */

/* Begin XCBuildConfiguration section */
		D0270F3A232A000000A826F5 /* Debug */ = {
			isa = XCBuildConfiguration;
			buildSettings = {
				ALWAYS_SEARCH_USER_PATHS = NO;
				CLANG_ANALYZER_NONNULL = YES;
				CLANG_ANALYZER_NUMBER_OBJECT_CONVERSION = YES_AGGRESSIVE;
				CLANG_CXX_LANGUAGE_STANDARD = "gnu++14";
				CLANG_CXX_LIBRARY = "libc++";
				CLANG_ENABLE_MODULES = YES;
				CLANG_ENABLE_OBJC_ARC = YES;
				CLANG_ENABLE_OBJC_WEAK = YES;
				CLANG_WARN_BLOCK_CAPTURE_AUTORELEASING = YES;
				CLANG_WARN_BOOL_CONVERSION = YES;
				CLANG_WARN_COMMA = YES;
				CLANG_WARN_CONSTANT_CONVERSION = YES;
				CLANG_WARN_DEPRECATED_OBJC_IMPLEMENTATIONS = YES;
				CLANG_WARN_DIRECT_OBJC_ISA_USAGE = YES_ERROR;
				CLANG_WARN_DOCUMENTATION_COMMENTS = YES;
				CLANG_WARN_EMPTY_BODY = YES;
				CLANG_WARN_ENUM_CONVERSION = YES;
				CLANG_WARN_INFINITE_RECURSION = YES;
				CLANG_WARN_INT_CONVERSION = YES;
				CLANG_WARN_NON_LITERAL_NULL_CONVERSION = YES;
				CLANG_WARN_OBJC_IMPLICIT_RETAIN_SELF = YES;
				CLANG_WARN_OBJC_LITERAL_CONVERSION = YES;
				CLANG_WARN_OBJC_ROOT_CLASS = YES_ERROR;
				CLANG_WARN_RANGE_LOOP_ANALYSIS = YES;
				CLANG_WARN_STRICT_PROTOTYPES = YES;
				CLANG_WARN_SUSPICIOUS_MOVE = YES;
				CLANG_WARN_UNGUARDED_AVAILABILITY = YES_AGGRESSIVE;
				CLANG_WARN_UNREACHABLE_CODE = YES;
				CLANG_WARN__DUPLICATE_METHOD_MATCH = YES;
				CODE_SIGN_IDENTITY = "iPhone Developer";
				COPY_PHASE_STRIP = NO;
				DEBUG_INFORMATION_FORMAT = dwarf;
				ENABLE_STRICT_OBJC_MSGSEND = YES;
				ENABLE_TESTABILITY = YES;
				GCC_C_LANGUAGE_STANDARD = gnu11;
				GCC_DYNAMIC_NO_PIC = NO;
				GCC_NO_COMMON_BLOCKS = YES;
				GCC_OPTIMIZATION_LEVEL = 0;
				GCC_PREPROCESSOR_DEFINITIONS = (
					"DEBUG=1",
					"$(inherited)",
				);
				GCC_WARN_64_TO_32_BIT_CONVERSION = YES;
				GCC_WARN_ABOUT_RETURN_TYPE = YES_ERROR;
				GCC_WARN_UNDECLARED_SELECTOR = YES;
				GCC_WARN_UNINITIALIZED_AUTOS = YES_AGGRESSIVE;
				GCC_WARN_UNUSED_FUNCTION = YES;
				GCC_WARN_UNUSED_VARIABLE = YES;
				IPHONEOS_DEPLOYMENT_TARGET = 12.4;
				MTL_ENABLE_DEBUG_INFO = INCLUDE_SOURCE;
				MTL_FAST_MATH = YES;
				ONLY_ACTIVE_ARCH = YES;
				SDKROOT = iphoneos;
				SWIFT_ACTIVE_COMPILATION_CONDITIONS = DEBUG;
				SWIFT_OPTIMIZATION_LEVEL = "-Onone";
			};
			name = Debug;
		};
		D0270F3B232A000000A826F5 /* Release */ = {
			isa = XCBuildConfiguration;
			buildSettings = {
				ALWAYS_SEARCH_USER_PATHS = NO;
				CLANG_ANALYZER_NONNULL = YES;
				CLANG_ANALYZER_NUMBER_OBJECT_CONVERSION = YES_AGGRESSIVE;
				CLANG_CXX_LANGUAGE_STANDARD = "gnu++14";
				CLANG_CXX_LIBRARY = "libc++";
				CLANG_ENABLE_MODULES = YES;
				CLANG_ENABLE_OBJC_ARC = YES;
				CLANG_ENABLE_OBJC_WEAK = YES;
				CLANG_WARN_BLOCK_CAPTURE_AUTORELEASING = YES;
				CLANG_WARN_BOOL_CONVERSION = YES;
				CLANG_WARN_COMMA = YES;
				CLANG_WARN_CONSTANT_CONVERSION = YES;
				CLANG_WARN_DEPRECATED_OBJC_IMPLEMENTATIONS = YES;
				CLANG_WARN_DIRECT_OBJC_ISA_USAGE = YES_ERROR;
				CLANG_WARN_DOCUMENTATION_COMMENTS = YES;
				CLANG_WARN_EMPTY_BODY = YES;
				CLANG_WARN_ENUM_CONVERSION = YES;
				CLANG_WARN_INFINITE_RECURSION = YES;
				CLANG_WARN_INT_CONVERSION = YES;
				CLANG_WARN_NON_LITERAL_NULL_CONVERSION = YES;
				CLANG_WARN_OBJC_IMPLICIT_RETAIN_SELF = YES;
				CLANG_WARN_OBJC_LITERAL_CONVERSION = YES;
				CLANG_WARN_OBJC_ROOT_CLASS = YES_ERROR;
				CLANG_WARN_RANGE_LOOP_ANALYSIS = YES;
				CLANG_WARN_STRICT_PROTOTYPES = YES;
				CLANG_WARN_SUSPICIOUS_MOVE = YES;
				CLANG_WARN_UNGUARDED_AVAILABILITY = YES_AGGRESSIVE;
				CLANG_WARN_UNREACHABLE_CODE = YES;
				CLANG_WARN__DUPLICATE_METHOD_MATCH = YES;
				CODE_SIGN_IDENTITY = "iPhone Developer";
				COPY_PHASE_STRIP = NO;
				DEBUG_INFORMATION_FORMAT = "dwarf-with-dsym";
				ENABLE_NS_ASSERTIONS = NO;
				ENABLE_STRICT_OBJC_MSGSEND = YES;
				GCC_C_LANGUAGE_STANDARD = gnu11;
				GCC_NO_COMMON_BLOCKS = YES;
				GCC_WARN_64_TO_32_BIT_CONVERSION = YES;
				GCC_WARN_ABOUT_RETURN_TYPE = YES_ERROR;
				GCC_WARN_UNDECLARED_SELECTOR = YES;
				GCC_WARN_UNINITIALIZED_AUTOS = YES_AGGRESSIVE;
				GCC_WARN_UNUSED_FUNCTION = YES;
				GCC_WARN_UNUSED_VARIABLE = YES;
				IPHONEOS_DEPLOYMENT_TARGET = 12.4;
				MTL_ENABLE_DEBUG_INFO = NO;
				MTL_FAST_MATH = YES;
				SDKROOT = iphoneos;
				SWIFT_COMPILATION_MODE = wholemodule;
				SWIFT_OPTIMIZATION_LEVEL = "-O";
				VALIDATE_PRODUCT = YES;
			};
			name = Release;
		};
		D0270F3D232A000000A826F5 /* Debug */ = {
			isa = XCBuildConfiguration;
			buildSettings = {
				ASSETCATALOG_COMPILER_APPICON_NAME = AppIcon;
				CODE_SIGN_STYLE = Automatic;
				INFOPLIST_FILE = "lab1-peter-r/Info.plist";
				LD_RUNPATH_SEARCH_PATHS = (
					"$(inherited)",
					"@executable_path/Frameworks",
				);
				PRODUCT_BUNDLE_IDENTIFIER = "ATLAS.lab1-peter-r";
				PRODUCT_NAME = "$(TARGET_NAME)";
				SWIFT_VERSION = 5.0;
				TARGETED_DEVICE_FAMILY = "1,2";
			};
			name = Debug;
		};
		D0270F3E232A000000A826F5 /* Release */ = {
			isa = XCBuildConfiguration;
			buildSettings = {
				ASSETCATALOG_COMPILER_APPICON_NAME = AppIcon;
				CODE_SIGN_STYLE = Automatic;
				INFOPLIST_FILE = "lab1-peter-r/Info.plist";
				LD_RUNPATH_SEARCH_PATHS = (
					"$(inherited)",
					"@executable_path/Frameworks",
				);
				PRODUCT_BUNDLE_IDENTIFIER = "ATLAS.lab1-peter-r";
				PRODUCT_NAME = "$(TARGET_NAME)";
				SWIFT_VERSION = 5.0;
				TARGETED_DEVICE_FAMILY = "1,2";
			};
			name = Release;
		};
		D0270F40232A000000A826F5 /* Debug */ = {
			isa = XCBuildConfiguration;
			buildSettings = {
				ALWAYS_EMBED_SWIFT_STANDARD_LIBRARIES = YES;
				BUNDLE_LOADER = "$(TEST_HOST)";
				CODE_SIGN_STYLE = Automatic;
				INFOPLIST_FILE = "lab1-peter-rTests/Info.plist";
				LD_RUNPATH_SEARCH_PATHS = (
					"$(inherited)",
					"@executable_path/Frameworks",
					"@loader_path/Frameworks",
				);
				PRODUCT_BUNDLE_IDENTIFIER = "ATLAS.lab1-peter-rTests";
				PRODUCT_NAME = "$(TARGET_NAME)";
				SWIFT_VERSION = 5.0;
				TARGETED_DEVICE_FAMILY = "1,2";
				TEST_HOST = "$(BUILT_PRODUCTS_DIR)/lab1-peter-r.app/lab1-peter-r";
			};
			name = Debug;
		};
		D0270F41232A000000A826F5 /* Release */ = {
			isa = XCBuildConfiguration;
			buildSettings = {
				ALWAYS_EMBED_SWIFT_STANDARD_LIBRARIES = YES;
				BUNDLE_LOADER = "$(TEST_HOST)";
				CODE_SIGN_STYLE = Automatic;
				INFOPLIST_FILE = "lab1-peter-rTests/Info.plist";
				LD_RUNPATH_SEARCH_PATHS = (
					"$(inherited)",
					"@executable_path/Frameworks",
					"@loader_path/Frameworks",
				);
				PRODUCT_BUNDLE_IDENTIFIER = "ATLAS.lab1-peter-rTests";
				PRODUCT_NAME = "$(TARGET_NAME)";
				SWIFT_VERSION = 5.0;
				TARGETED_DEVICE_FAMILY = "1,2";
				TEST_HOST = "$(BUILT_PRODUCTS_DIR)/lab1-peter-r.app/lab1-peter-r";
			};
			name = Release;
		};
		D0270F43232A000000A826F5 /* Debug */ = {
			isa = XCBuildConfiguration;
			buildSettings = {
				ALWAYS_EMBED_SWIFT_STANDARD_LIBRARIES = YES;
				CODE_SIGN_STYLE = Automatic;
				INFOPLIST_FILE = "lab1-peter-rUITests/Info.plist";
				LD_RUNPATH_SEARCH_PATHS = (
					"$(inherited)",
					"@executable_path/Frameworks",
					"@loader_path/Frameworks",
				);
				PRODUCT_BUNDLE_IDENTIFIER = "ATLAS.lab1-peter-rUITests";
				PRODUCT_NAME = "$(TARGET_NAME)";
				SWIFT_VERSION = 5.0;
				TARGETED_DEVICE_FAMILY = "1,2";
				TEST_TARGET_NAME = "lab1-peter-r";
			};
			name = Debug;
		};
		D0270F44232A000000A826F5 /* Release */ = {
			isa = XCBuildConfiguration;
			buildSettings = {
				ALWAYS_EMBED_SWIFT_STANDARD_LIBRARIES = YES;
				CODE_SIGN_STYLE = Automatic;
				INFOPLIST_FILE = "lab1-peter-rUITests/Info.plist";
				LD_RUNPATH_SEARCH_PATHS = (
					"$(inherited)",
					"@executable_path/Frameworks",
					"@loader_path/Frameworks",
				);
				PRODUCT_BUNDLE_IDENTIFIER = "ATLAS.lab1-peter-rUITests";
				PRODUCT_NAME = "$(TARGET_NAME)";
				SWIFT_VERSION = 5.0;
				TARGETED_DEVICE_FAMILY = "1,2";
				TEST_TARGET_NAME = "lab1-peter-r";
			};
			name = Release;
		};
/* End XCBuildConfiguration section */

/* Begin XCConfigurationList section */
		D0270F0F2329FFFE00A826F5 /* Build configuration list for PBXProject "lab1-peter-r" */ = {
			isa = XCConfigurationList;
			buildConfigurations = (
				D0270F3A232A000000A826F5 /* Debug */,
				D0270F3B232A000000A826F5 /* Release */,
			);
			defaultConfigurationIsVisible = 0;
			defaultConfigurationName = Release;
		};
		D0270F3C232A000000A826F5 /* Build configuration list for PBXNativeTarget "lab1-peter-r" */ = {
			isa = XCConfigurationList;
			buildConfigurations = (
				D0270F3D232A000000A826F5 /* Debug */,
				D0270F3E232A000000A826F5 /* Release */,
			);
			defaultConfigurationIsVisible = 0;
			defaultConfigurationName = Release;
		};
		D0270F3F232A000000A826F5 /* Build configuration list for PBXNativeTarget "lab1-peter-rTests" */ = {
			isa = XCConfigurationList;
			buildConfigurations = (
				D0270F40232A000000A826F5 /* Debug */,
				D0270F41232A000000A826F5 /* Release */,
			);
			defaultConfigurationIsVisible = 0;
			defaultConfigurationName = Release;
		};
		D0270F42232A000000A826F5 /* Build configuration list for PBXNativeTarget "lab1-peter-rUITests" */ = {
			isa = XCConfigurationList;
			buildConfigurations = (
				D0270F43232A000000A826F5 /* Debug */,
				D0270F44232A000000A826F5 /* Release */,
			);
			defaultConfigurationIsVisible = 0;
			defaultConfigurationName = Release;
		};
/* End XCConfigurationList section */
	};
	rootObject = D0270F0C2329FFFE00A826F5 /* Project object */;
}
